
Microsoft Visual Studio Solution File, Format Version 12.00
# Visual Studio Version 16
VisualStudioVersion = 16.0.31515.178
MinimumVisualStudioVersion = 10.0.40219.1
Project("{888888A0-9F3D-457C-B088-3A5042F75D52}") = "MovieGuidePart1", "MovieGuidePart1.pyproj", "{D60E944F-39D5-4E47-AE76-66C1AD0E5572}"
EndProject
Global
	GlobalSection(SolutionConfigurationPlatforms) = preSolution
		Debug|Any CPU = Debug|Any CPU
		Release|Any CPU = Release|Any CPU
	EndGlobalSection
	GlobalSection(ProjectConfigurationPlatforms) = postSolution
		{D60E944F-39D5-4E47-AE76-66C1AD0E5572}.Debug|Any CPU.ActiveCfg = Debug|Any CPU
		{D60E944F-39D5-4E47-AE76-66C1AD0E5572}.Release|Any CPU.ActiveCfg = Release|Any CPU
	EndGlobalSection
	GlobalSection(SolutionProperties) = preSolution
		HideSolutionNode = FALSE
	EndGlobalSection
	GlobalSection(ExtensibilityGlobals) = postSolution
		SolutionGuid = {0E450FD6-9C0D-4A8E-AC51-409119F4EC4D}
	EndGlobalSection
EndGlobal
